
Microsoft Visual Studio Solution File, Format Version 12.00
# Visual Studio 15
VisualStudioVersion = 15.0.27428.1
MinimumVisualStudioVersion = 10.0.40219.1
Project("{9A19103F-16F7-4668-BE54-9A1E7A4F7556}") = "Microsoft.AspNetCore.Proxy", "src\Microsoft.AspNetCore.Proxy\Microsoft.AspNetCore.Proxy.csproj", "{84E3D925-D25B-47D0-99E8-B6969A4D0649}"
EndProject
Project("{9A19103F-16F7-4668-BE54-9A1E7A4F7556}") = "DynamicProxy", "src\DynamicProxy\DynamicProxy.csproj", "{A8323E94-9724-433C-B659-EAEBA31E38EF}"
EndProject
Global
	GlobalSection(SolutionConfigurationPlatforms) = preSolution
		Debug|Any CPU = Debug|Any CPU
		Release|Any CPU = Release|Any CPU
	EndGlobalSection
	GlobalSection(ProjectConfigurationPlatforms) = postSolution
		{84E3D925-D25B-47D0-99E8-B6969A4D0649}.Debug|Any CPU.ActiveCfg = Debug|Any CPU
		{84E3D925-D25B-47D0-99E8-B6969A4D0649}.Debug|Any CPU.Build.0 = Debug|Any CPU
		{84E3D925-D25B-47D0-99E8-B6969A4D0649}.Release|Any CPU.ActiveCfg = Release|Any CPU
		{84E3D925-D25B-47D0-99E8-B6969A4D0649}.Release|Any CPU.Build.0 = Release|Any CPU
		{A8323E94-9724-433C-B659-EAEBA31E38EF}.Debug|Any CPU.ActiveCfg = Debug|Any CPU
		{A8323E94-9724-433C-B659-EAEBA31E38EF}.Debug|Any CPU.Build.0 = Debug|Any CPU
		{A8323E94-9724-433C-B659-EAEBA31E38EF}.Release|Any CPU.ActiveCfg = Release|Any CPU
		{A8323E94-9724-433C-B659-EAEBA31E38EF}.Release|Any CPU.Build.0 = Release|Any CPU
	EndGlobalSection
	GlobalSection(SolutionProperties) = preSolution
		HideSolutionNode = FALSE
	EndGlobalSection
	GlobalSection(ExtensibilityGlobals) = postSolution
		SolutionGuid = {497E4A98-C632-4EAC-AB1E-4E25E5EDE820}
	EndGlobalSection
EndGlobal
